// !$*UTF8*$!
{
	archiveVersion = 1;
	classes = {
	};
	objectVersion = 51;
	objects = {

/* Begin PBXBuildFile section */
		243D0F3CA6AB440C7E61B0DE /* Pods_Unsinkable.framework in Frameworks */ = {isa = PBXBuildFile; fileRef = 4DEF6FC91AD1B24045F02C93 /* Pods_Unsinkable.framework */; };
		26CCB8F16AC9BA961A065215 /* Pods_UnsinkableTests.framework in Frameworks */ = {isa = PBXBuildFile; fileRef = 2DA4556E6ED25D95A4473CA0 /* Pods_UnsinkableTests.framework */; };
		6FADD05467A016C0D281AFEC /* Pods_Unsinkable_UnsinkableUITests.framework in Frameworks */ = {isa = PBXBuildFile; fileRef = C99EFAC4466473468C536C95 /* Pods_Unsinkable_UnsinkableUITests.framework */; };
		E90236BD26E0E7820070853F /* ProjectReading.storyboard in Resources */ = {isa = PBXBuildFile; fileRef = E90236BC26E0E7820070853F /* ProjectReading.storyboard */; };
		E90312CE25E5409600CBC228 /* TextFieldExtension.swift in Sources */ = {isa = PBXBuildFile; fileRef = E90312CD25E5409600CBC228 /* TextFieldExtension.swift */; };
		E90312EC25E5646200CBC228 /* RegisterViewControllerTextFieldDelegate.swift in Sources */ = {isa = PBXBuildFile; fileRef = E90312EB25E5646200CBC228 /* RegisterViewControllerTextFieldDelegate.swift */; };
		E90312F725E56DCC00CBC228 /* LoginViewControllerTextFieldDelegat.swift in Sources */ = {isa = PBXBuildFile; fileRef = E90312F625E56DCC00CBC228 /* LoginViewControllerTextFieldDelegat.swift */; };
		E903130225E7C52300CBC228 /* AuthenticationSession.swift in Sources */ = {isa = PBXBuildFile; fileRef = E903130125E7C52300CBC228 /* AuthenticationSession.swift */; };
		E91DB50F2643FBBD0035889A /* CustomResponse.swift in Sources */ = {isa = PBXBuildFile; fileRef = E91DB50E2643FBBD0035889A /* CustomResponse.swift */; };
		E921575925C05BA100D42137 /* Coordinator.swift in Sources */ = {isa = PBXBuildFile; fileRef = E921575825C05BA100D42137 /* Coordinator.swift */; };
		E921576625C05F0000D42137 /* CoordinatorManager.swift in Sources */ = {isa = PBXBuildFile; fileRef = E921576525C05F0000D42137 /* CoordinatorManager.swift */; };
		E92157A825C18B7600D42137 /* RegisterPresenter.swift in Sources */ = {isa = PBXBuildFile; fileRef = E92157A725C18B7600D42137 /* RegisterPresenter.swift */; };
		E92C356F25A5EBA8001F2819 /* AppDelegate.swift in Sources */ = {isa = PBXBuildFile; fileRef = E92C356E25A5EBA8001F2819 /* AppDelegate.swift */; };
		E92C357B25A5EBAB001F2819 /* LaunchScreen.storyboard in Resources */ = {isa = PBXBuildFile; fileRef = E92C357925A5EBAB001F2819 /* LaunchScreen.storyboard */; };
		E92C359125A5EBAC001F2819 /* UnsinkableUITests.swift in Sources */ = {isa = PBXBuildFile; fileRef = E92C359025A5EBAC001F2819 /* UnsinkableUITests.swift */; };
		E92EEEE9264AC485005C247F /* FakeStorage.swift in Sources */ = {isa = PBXBuildFile; fileRef = E92EEEE8264AC485005C247F /* FakeStorage.swift */; };
		E94BA61B2628464B003AC914 /* LoginViewController+LoginPresenterDelegat.swift in Sources */ = {isa = PBXBuildFile; fileRef = E94BA61A2628464B003AC914 /* LoginViewController+LoginPresenterDelegat.swift */; };
		E94BA62026285845003AC914 /* RegisterViewController+RegisterPresenterDelegate.swift in Sources */ = {isa = PBXBuildFile; fileRef = E94BA61F26285845003AC914 /* RegisterViewController+RegisterPresenterDelegate.swift */; };
		E94BA63426317673003AC914 /* UserAuthenticationServiceTest.swift in Sources */ = {isa = PBXBuildFile; fileRef = E94BA63326317673003AC914 /* UserAuthenticationServiceTest.swift */; };
		E951022C25AF69A50070A91C /* ProjectCreationViewController.swift in Sources */ = {isa = PBXBuildFile; fileRef = E951022B25AF69A50070A91C /* ProjectCreationViewController.swift */; };
		E951023225AF6A6C0070A91C /* UIViewController+Push.swift in Sources */ = {isa = PBXBuildFile; fileRef = E951023125AF6A6C0070A91C /* UIViewController+Push.swift */; };
		E951026525B843E50070A91C /* MainLoginPage.storyboard in Resources */ = {isa = PBXBuildFile; fileRef = E951026425B843E50070A91C /* MainLoginPage.storyboard */; };
		E951026D25B84CC40070A91C /* SignIn.storyboard in Resources */ = {isa = PBXBuildFile; fileRef = E951026C25B84CC40070A91C /* SignIn.storyboard */; };
		E951027225B84CE10070A91C /* Register.storyboard in Resources */ = {isa = PBXBuildFile; fileRef = E951027125B84CE10070A91C /* Register.storyboard */; };
		E951027F25B84DDD0070A91C /* MainLoginViewController.swift in Sources */ = {isa = PBXBuildFile; fileRef = E951027E25B84DDD0070A91C /* MainLoginViewController.swift */; };
		E951028425B84DEE0070A91C /* LogInViewController.swift in Sources */ = {isa = PBXBuildFile; fileRef = E951028325B84DEE0070A91C /* LogInViewController.swift */; };
		E951028925B84DF90070A91C /* RegisterViewController.swift in Sources */ = {isa = PBXBuildFile; fileRef = E951028825B84DF90070A91C /* RegisterViewController.swift */; };
		E951029225B8BA9F0070A91C /* Regex.swift in Sources */ = {isa = PBXBuildFile; fileRef = E951029125B8BA9F0070A91C /* Regex.swift */; };
		E951029C25B970D20070A91C /* UserAuthentificationService.swift in Sources */ = {isa = PBXBuildFile; fileRef = E951029B25B970D20070A91C /* UserAuthentificationService.swift */; };
		E95102CC25B97F7A0070A91C /* StringExtension.swift in Sources */ = {isa = PBXBuildFile; fileRef = E95102CB25B97F7A0070A91C /* StringExtension.swift */; };
		E9553E5525E534F4006101D2 /* CustomTextField.swift in Sources */ = {isa = PBXBuildFile; fileRef = E9553E5425E534F4006101D2 /* CustomTextField.swift */; };
		E95AF91B2679F21400BD1AF8 /* ProfiPresenter.swift in Sources */ = {isa = PBXBuildFile; fileRef = E95AF91A2679F21400BD1AF8 /* ProfiPresenter.swift */; };
		E95AF91D2679F30D00BD1AF8 /* ProfilViewController+ProfilPresenterDelegate.swift in Sources */ = {isa = PBXBuildFile; fileRef = E95AF91C2679F30D00BD1AF8 /* ProfilViewController+ProfilPresenterDelegate.swift */; };
		E976F3DA26397A60000F9BC6 /* AuthenticationSessionFake.swift in Sources */ = {isa = PBXBuildFile; fileRef = E976F3D926397A60000F9BC6 /* AuthenticationSessionFake.swift */; };
		E97A877326DFB94000097527 /* UITextView.swift in Sources */ = {isa = PBXBuildFile; fileRef = E97A877226DFB94000097527 /* UITextView.swift */; };
		E99635B72653D99E00185327 /* Profil.storyboard in Resources */ = {isa = PBXBuildFile; fileRef = E99635B62653D99E00185327 /* Profil.storyboard */; };
		E99635BD2653E3AD00185327 /* ProfilViewController.swift in Sources */ = {isa = PBXBuildFile; fileRef = E99635BC2653E3AD00185327 /* ProfilViewController.swift */; };
		E996B51A25A620E900638480 /* GoogleService-Info.plist in Resources */ = {isa = PBXBuildFile; fileRef = E996B51925A620E900638480 /* GoogleService-Info.plist */; };
		E996B51B25A620E900638480 /* GoogleService-Info.plist in Resources */ = {isa = PBXBuildFile; fileRef = E996B51925A620E900638480 /* GoogleService-Info.plist */; };
		E996B51C25A620E900638480 /* GoogleService-Info.plist in Resources */ = {isa = PBXBuildFile; fileRef = E996B51925A620E900638480 /* GoogleService-Info.plist */; };
		E996B55725A6344A00638480 /* DashBoardViewController.swift in Sources */ = {isa = PBXBuildFile; fileRef = E996B55625A6344A00638480 /* DashBoardViewController.swift */; };
		E996B55C25A6351700638480 /* DashBoard.storyboard in Resources */ = {isa = PBXBuildFile; fileRef = E996B55B25A6351700638480 /* DashBoard.storyboard */; };
		E996B56125A6353000638480 /* NotificationCenter.storyboard in Resources */ = {isa = PBXBuildFile; fileRef = E996B56025A6353000638480 /* NotificationCenter.storyboard */; };
		E996B56625A6353F00638480 /* NotificationCenterViewController.swift in Sources */ = {isa = PBXBuildFile; fileRef = E996B56525A6353F00638480 /* NotificationCenterViewController.swift */; };
		E99A03382704E38100C1BCCE /* ProjectReaderViewController.swift in Sources */ = {isa = PBXBuildFile; fileRef = E99A03372704E38100C1BCCE /* ProjectReaderViewController.swift */; };
		E99A033A270594B600C1BCCE /* ProjectReaderVC+TableViewDelegate.swift in Sources */ = {isa = PBXBuildFile; fileRef = E99A0339270594B600C1BCCE /* ProjectReaderVC+TableViewDelegate.swift */; };
		E99B8DEA268F021C005A9032 /* TaskCell.xib in Resources */ = {isa = PBXBuildFile; fileRef = E99B8DE9268F021C005A9032 /* TaskCell.xib */; };
		E99B8DFB269491EA005A9032 /* ProjectCreationPresenter.swift in Sources */ = {isa = PBXBuildFile; fileRef = E99B8DFA269491EA005A9032 /* ProjectCreationPresenter.swift */; };
		E99B8DFD269494DF005A9032 /* ProjectService.swift in Sources */ = {isa = PBXBuildFile; fileRef = E99B8DFC269494DF005A9032 /* ProjectService.swift */; };
		E99B8DFF26949514005A9032 /* ProjectSession.swift in Sources */ = {isa = PBXBuildFile; fileRef = E99B8DFE26949514005A9032 /* ProjectSession.swift */; };
		E99B8E0126959877005A9032 /* Loader.swift in Sources */ = {isa = PBXBuildFile; fileRef = E99B8E0026959877005A9032 /* Loader.swift */; };
		E99B8E032695AA6B005A9032 /* SplashScreen.storyboard in Resources */ = {isa = PBXBuildFile; fileRef = E99B8E022695AA6B005A9032 /* SplashScreen.storyboard */; };
		E9BDE18F25D3F9B7001E3000 /* LoginPresenter.swift in Sources */ = {isa = PBXBuildFile; fileRef = E9BDE18E25D3F9B7001E3000 /* LoginPresenter.swift */; };
		E9C2214F25AE0F50001216F5 /* ProjectCreation.storyboard in Resources */ = {isa = PBXBuildFile; fileRef = E9C2214E25AE0F50001216F5 /* ProjectCreation.storyboard */; };
		E9C2218625AE1345001216F5 /* ProjectCell.xib in Resources */ = {isa = PBXBuildFile; fileRef = E9C2218525AE1345001216F5 /* ProjectCell.xib */; };
		E9C2218C25AE185D001216F5 /* UICollectionViewController.swift in Sources */ = {isa = PBXBuildFile; fileRef = E9C2218B25AE185D001216F5 /* UICollectionViewController.swift */; };
		E9C9C588269FC57900080E45 /* ProjectCreationViewController+Delegate.swift in Sources */ = {isa = PBXBuildFile; fileRef = E9C9C587269FC57900080E45 /* ProjectCreationViewController+Delegate.swift */; };
		E9C9C58A26A9400E00080E45 /* CustomProjectCell.swift in Sources */ = {isa = PBXBuildFile; fileRef = E9C9C58926A9400E00080E45 /* CustomProjectCell.swift */; };
		E9CB3AA725DD7A5C009980EC /* Assets.xcassets in Resources */ = {isa = PBXBuildFile; fileRef = E9CB3AA625DD7A5C009980EC /* Assets.xcassets */; };
		E9CB3AAC25DE77BA009980EC /* Constants.swift in Sources */ = {isa = PBXBuildFile; fileRef = E9CB3AAB25DE77BA009980EC /* Constants.swift */; };
		E9CDF01F265D25F7000D1FEA /* DashBoardCoordinator.swift in Sources */ = {isa = PBXBuildFile; fileRef = E9CDF01E265D25F7000D1FEA /* DashBoardCoordinator.swift */; };
		E9CDF024265D26C2000D1FEA /* NotificationCoordinator.swift in Sources */ = {isa = PBXBuildFile; fileRef = E9CDF023265D26C2000D1FEA /* NotificationCoordinator.swift */; };
		E9D6076926847083005AC9EB /* CustomView.swift in Sources */ = {isa = PBXBuildFile; fileRef = E9D6076826847083005AC9EB /* CustomView.swift */; };
		E9D6076D26848BCA005AC9EB /* StackViewShadow.swift in Sources */ = {isa = PBXBuildFile; fileRef = E9D6076C26848BCA005AC9EB /* StackViewShadow.swift */; };
		E9DC09FF25DE82B800667E8E /* CustomButton.swift in Sources */ = {isa = PBXBuildFile; fileRef = E9DC09FE25DE82B800667E8E /* CustomButton.swift */; };
		E9EC4F9126553E8200A1ED96 /* HomeCoordinator.swift in Sources */ = {isa = PBXBuildFile; fileRef = E9EC4F9026553E8200A1ED96 /* HomeCoordinator.swift */; };
		E9EC4F9E265675C500A1ED96 /* TabBarViewController.swift in Sources */ = {isa = PBXBuildFile; fileRef = E9EC4F9D265675C500A1ED96 /* TabBarViewController.swift */; };
		E9EC4FA326583CE800A1ED96 /* window.swift in Sources */ = {isa = PBXBuildFile; fileRef = E9EC4FA226583CE800A1ED96 /* window.swift */; };
		E9EC4FAB265CFC0900A1ED96 /* AuthenticationCoordinator.swift in Sources */ = {isa = PBXBuildFile; fileRef = E9EC4FAA265CFC0900A1ED96 /* AuthenticationCoordinator.swift */; };
		E9EE21792682275400D80414 /* CustomAppleSignIn.swift in Sources */ = {isa = PBXBuildFile; fileRef = E9EE21782682275400D80414 /* CustomAppleSignIn.swift */; };
		E9EE217E268240F500D80414 /* DashBoardPresenter.swift in Sources */ = {isa = PBXBuildFile; fileRef = E9EE217D268240F500D80414 /* DashBoardPresenter.swift */; };
		E9EE2180268241D000D80414 /* DashBoardViewController+Delegate.swift in Sources */ = {isa = PBXBuildFile; fileRef = E9EE217F268241D000D80414 /* DashBoardViewController+Delegate.swift */; };
		E9EE2182268373BD00D80414 /* ProjectCreationViewController+UITextFieldDelegate.swift in Sources */ = {isa = PBXBuildFile; fileRef = E9EE2181268373BC00D80414 /* ProjectCreationViewController+UITextFieldDelegate.swift */; };
		E9FE31EC269FAA8F00DF2532 /* CustomTaskTableViewCell.swift in Sources */ = {isa = PBXBuildFile; fileRef = E9FE31EB269FAA8F00DF2532 /* CustomTaskTableViewCell.swift */; };
		E9FE31EE269FAFDC00DF2532 /* ProjectCreationViewController+UITableView.swift in Sources */ = {isa = PBXBuildFile; fileRef = E9FE31ED269FAFDC00DF2532 /* ProjectCreationViewController+UITableView.swift */; };
/* End PBXBuildFile section */

/* Begin PBXContainerItemProxy section */
		E92C358225A5EBAC001F2819 /* PBXContainerItemProxy */ = {
			isa = PBXContainerItemProxy;
			containerPortal = E92C356325A5EBA8001F2819 /* Project object */;
			proxyType = 1;
			remoteGlobalIDString = E92C356A25A5EBA8001F2819;
			remoteInfo = Unsinkable;
		};
		E92C358D25A5EBAC001F2819 /* PBXContainerItemProxy */ = {
			isa = PBXContainerItemProxy;
			containerPortal = E92C356325A5EBA8001F2819 /* Project object */;
			proxyType = 1;
			remoteGlobalIDString = E92C356A25A5EBA8001F2819;
			remoteInfo = Unsinkable;
		};
/* End PBXContainerItemProxy section */

/* Begin PBXFileReference section */
		2DA4556E6ED25D95A4473CA0 /* Pods_UnsinkableTests.framework */ = {isa = PBXFileReference; explicitFileType = wrapper.framework; includeInIndex = 0; path = Pods_UnsinkableTests.framework; sourceTree = BUILT_PRODUCTS_DIR; };
		4DEF6FC91AD1B24045F02C93 /* Pods_Unsinkable.framework */ = {isa = PBXFileReference; explicitFileType = wrapper.framework; includeInIndex = 0; path = Pods_Unsinkable.framework; sourceTree = BUILT_PRODUCTS_DIR; };
		523A48797D4B2B16A268A378 /* Pods-Unsinkable-UnsinkableUITests.release.xcconfig */ = {isa = PBXFileReference; includeInIndex = 1; lastKnownFileType = text.xcconfig; name = "Pods-Unsinkable-UnsinkableUITests.release.xcconfig"; path = "Target Support Files/Pods-Unsinkable-UnsinkableUITests/Pods-Unsinkable-UnsinkableUITests.release.xcconfig"; sourceTree = "<group>"; };
		66FA4CBE5D2F66C9D245FA61 /* Pods-UnsinkableTests.debug.xcconfig */ = {isa = PBXFileReference; includeInIndex = 1; lastKnownFileType = text.xcconfig; name = "Pods-UnsinkableTests.debug.xcconfig"; path = "Target Support Files/Pods-UnsinkableTests/Pods-UnsinkableTests.debug.xcconfig"; sourceTree = "<group>"; };
		6C6B3891B8BEC47F8EA9FD1B /* Pods-UnsinkableTests.release.xcconfig */ = {isa = PBXFileReference; includeInIndex = 1; lastKnownFileType = text.xcconfig; name = "Pods-UnsinkableTests.release.xcconfig"; path = "Target Support Files/Pods-UnsinkableTests/Pods-UnsinkableTests.release.xcconfig"; sourceTree = "<group>"; };
		942B20643B3D015374268575 /* Pods-Unsinkable.release.xcconfig */ = {isa = PBXFileReference; includeInIndex = 1; lastKnownFileType = text.xcconfig; name = "Pods-Unsinkable.release.xcconfig"; path = "Target Support Files/Pods-Unsinkable/Pods-Unsinkable.release.xcconfig"; sourceTree = "<group>"; };
		94F04F721327FD9AA40E8C00 /* Pods-Unsinkable-UnsinkableUITests.debug.xcconfig */ = {isa = PBXFileReference; includeInIndex = 1; lastKnownFileType = text.xcconfig; name = "Pods-Unsinkable-UnsinkableUITests.debug.xcconfig"; path = "Target Support Files/Pods-Unsinkable-UnsinkableUITests/Pods-Unsinkable-UnsinkableUITests.debug.xcconfig"; sourceTree = "<group>"; };
		C99EFAC4466473468C536C95 /* Pods_Unsinkable_UnsinkableUITests.framework */ = {isa = PBXFileReference; explicitFileType = wrapper.framework; includeInIndex = 0; path = Pods_Unsinkable_UnsinkableUITests.framework; sourceTree = BUILT_PRODUCTS_DIR; };
		E90236BC26E0E7820070853F /* ProjectReading.storyboard */ = {isa = PBXFileReference; lastKnownFileType = file.storyboard; path = ProjectReading.storyboard; sourceTree = "<group>"; };
		E90312CD25E5409600CBC228 /* TextFieldExtension.swift */ = {isa = PBXFileReference; lastKnownFileType = sourcecode.swift; path = TextFieldExtension.swift; sourceTree = "<group>"; };
		E90312EB25E5646200CBC228 /* RegisterViewControllerTextFieldDelegate.swift */ = {isa = PBXFileReference; lastKnownFileType = sourcecode.swift; path = RegisterViewControllerTextFieldDelegate.swift; sourceTree = "<group>"; };
		E90312F625E56DCC00CBC228 /* LoginViewControllerTextFieldDelegat.swift */ = {isa = PBXFileReference; lastKnownFileType = sourcecode.swift; path = LoginViewControllerTextFieldDelegat.swift; sourceTree = "<group>"; };
		E903130125E7C52300CBC228 /* AuthenticationSession.swift */ = {isa = PBXFileReference; lastKnownFileType = sourcecode.swift; path = AuthenticationSession.swift; sourceTree = "<group>"; };
		E91DB50E2643FBBD0035889A /* CustomResponse.swift */ = {isa = PBXFileReference; lastKnownFileType = sourcecode.swift; path = CustomResponse.swift; sourceTree = "<group>"; };
		E921575825C05BA100D42137 /* Coordinator.swift */ = {isa = PBXFileReference; lastKnownFileType = sourcecode.swift; path = Coordinator.swift; sourceTree = "<group>"; };
		E921576525C05F0000D42137 /* CoordinatorManager.swift */ = {isa = PBXFileReference; lastKnownFileType = sourcecode.swift; path = CoordinatorManager.swift; sourceTree = "<group>"; };
		E92157A725C18B7600D42137 /* RegisterPresenter.swift */ = {isa = PBXFileReference; lastKnownFileType = sourcecode.swift; path = RegisterPresenter.swift; sourceTree = "<group>"; };
		E92C356B25A5EBA8001F2819 /* Unsinkable.app */ = {isa = PBXFileReference; explicitFileType = wrapper.application; includeInIndex = 0; path = Unsinkable.app; sourceTree = BUILT_PRODUCTS_DIR; };
		E92C356E25A5EBA8001F2819 /* AppDelegate.swift */ = {isa = PBXFileReference; lastKnownFileType = sourcecode.swift; path = AppDelegate.swift; sourceTree = "<group>"; };
		E92C357A25A5EBAB001F2819 /* Base */ = {isa = PBXFileReference; lastKnownFileType = file.storyboard; name = Base; path = Base.lproj/LaunchScreen.storyboard; sourceTree = "<group>"; };
		E92C357C25A5EBAB001F2819 /* Info.plist */ = {isa = PBXFileReference; lastKnownFileType = text.plist.xml; path = Info.plist; sourceTree = "<group>"; };
		E92C358125A5EBAC001F2819 /* UnsinkableTests.xctest */ = {isa = PBXFileReference; explicitFileType = wrapper.cfbundle; includeInIndex = 0; path = UnsinkableTests.xctest; sourceTree = BUILT_PRODUCTS_DIR; };
		E92C358725A5EBAC001F2819 /* Info.plist */ = {isa = PBXFileReference; lastKnownFileType = text.plist.xml; path = Info.plist; sourceTree = "<group>"; };
		E92C358C25A5EBAC001F2819 /* UnsinkableUITests.xctest */ = {isa = PBXFileReference; explicitFileType = wrapper.cfbundle; includeInIndex = 0; path = UnsinkableUITests.xctest; sourceTree = BUILT_PRODUCTS_DIR; };
		E92C359025A5EBAC001F2819 /* UnsinkableUITests.swift */ = {isa = PBXFileReference; lastKnownFileType = sourcecode.swift; path = UnsinkableUITests.swift; sourceTree = "<group>"; };
		E92C359225A5EBAC001F2819 /* Info.plist */ = {isa = PBXFileReference; lastKnownFileType = text.plist.xml; path = Info.plist; sourceTree = "<group>"; };
		E92EEEE8264AC485005C247F /* FakeStorage.swift */ = {isa = PBXFileReference; lastKnownFileType = sourcecode.swift; path = FakeStorage.swift; sourceTree = "<group>"; };
		E94BA61A2628464B003AC914 /* LoginViewController+LoginPresenterDelegat.swift */ = {isa = PBXFileReference; lastKnownFileType = sourcecode.swift; path = "LoginViewController+LoginPresenterDelegat.swift"; sourceTree = "<group>"; };
		E94BA61F26285845003AC914 /* RegisterViewController+RegisterPresenterDelegate.swift */ = {isa = PBXFileReference; lastKnownFileType = sourcecode.swift; path = "RegisterViewController+RegisterPresenterDelegate.swift"; sourceTree = "<group>"; };
		E94BA63326317673003AC914 /* UserAuthenticationServiceTest.swift */ = {isa = PBXFileReference; lastKnownFileType = sourcecode.swift; path = UserAuthenticationServiceTest.swift; sourceTree = "<group>"; };
		E951022B25AF69A50070A91C /* ProjectCreationViewController.swift */ = {isa = PBXFileReference; lastKnownFileType = sourcecode.swift; path = ProjectCreationViewController.swift; sourceTree = "<group>"; };
		E951023125AF6A6C0070A91C /* UIViewController+Push.swift */ = {isa = PBXFileReference; lastKnownFileType = sourcecode.swift; path = "UIViewController+Push.swift"; sourceTree = "<group>"; };
		E951026425B843E50070A91C /* MainLoginPage.storyboard */ = {isa = PBXFileReference; lastKnownFileType = file.storyboard; path = MainLoginPage.storyboard; sourceTree = "<group>"; };
		E951026C25B84CC40070A91C /* SignIn.storyboard */ = {isa = PBXFileReference; lastKnownFileType = file.storyboard; path = SignIn.storyboard; sourceTree = "<group>"; };
		E951027125B84CE10070A91C /* Register.storyboard */ = {isa = PBXFileReference; lastKnownFileType = file.storyboard; path = Register.storyboard; sourceTree = "<group>"; };
		E951027E25B84DDD0070A91C /* MainLoginViewController.swift */ = {isa = PBXFileReference; lastKnownFileType = sourcecode.swift; path = MainLoginViewController.swift; sourceTree = "<group>"; };
		E951028325B84DEE0070A91C /* LogInViewController.swift */ = {isa = PBXFileReference; lastKnownFileType = sourcecode.swift; path = LogInViewController.swift; sourceTree = "<group>"; };
		E951028825B84DF90070A91C /* RegisterViewController.swift */ = {isa = PBXFileReference; lastKnownFileType = sourcecode.swift; path = RegisterViewController.swift; sourceTree = "<group>"; };
		E951029125B8BA9F0070A91C /* Regex.swift */ = {isa = PBXFileReference; lastKnownFileType = sourcecode.swift; path = Regex.swift; sourceTree = "<group>"; };
		E951029B25B970D20070A91C /* UserAuthentificationService.swift */ = {isa = PBXFileReference; lastKnownFileType = sourcecode.swift; path = UserAuthentificationService.swift; sourceTree = "<group>"; };
		E95102CB25B97F7A0070A91C /* StringExtension.swift */ = {isa = PBXFileReference; lastKnownFileType = sourcecode.swift; path = StringExtension.swift; sourceTree = "<group>"; };
		E9553E5425E534F4006101D2 /* CustomTextField.swift */ = {isa = PBXFileReference; lastKnownFileType = sourcecode.swift; path = CustomTextField.swift; sourceTree = "<group>"; };
		E95AF91A2679F21400BD1AF8 /* ProfiPresenter.swift */ = {isa = PBXFileReference; lastKnownFileType = sourcecode.swift; path = ProfiPresenter.swift; sourceTree = "<group>"; };
		E95AF91C2679F30D00BD1AF8 /* ProfilViewController+ProfilPresenterDelegate.swift */ = {isa = PBXFileReference; lastKnownFileType = sourcecode.swift; path = "ProfilViewController+ProfilPresenterDelegate.swift"; sourceTree = "<group>"; };
		E976F3D926397A60000F9BC6 /* AuthenticationSessionFake.swift */ = {isa = PBXFileReference; lastKnownFileType = sourcecode.swift; path = AuthenticationSessionFake.swift; sourceTree = "<group>"; };
		E97A877226DFB94000097527 /* UITextView.swift */ = {isa = PBXFileReference; lastKnownFileType = sourcecode.swift; path = UITextView.swift; sourceTree = "<group>"; };
		E99635B62653D99E00185327 /* Profil.storyboard */ = {isa = PBXFileReference; lastKnownFileType = file.storyboard; path = Profil.storyboard; sourceTree = "<group>"; };
		E99635BC2653E3AD00185327 /* ProfilViewController.swift */ = {isa = PBXFileReference; lastKnownFileType = sourcecode.swift; path = ProfilViewController.swift; sourceTree = "<group>"; };
		E996B51925A620E900638480 /* GoogleService-Info.plist */ = {isa = PBXFileReference; fileEncoding = 4; lastKnownFileType = text.plist.xml; path = "GoogleService-Info.plist"; sourceTree = "<group>"; };
		E996B55625A6344A00638480 /* DashBoardViewController.swift */ = {isa = PBXFileReference; lastKnownFileType = sourcecode.swift; path = DashBoardViewController.swift; sourceTree = "<group>"; };
		E996B55B25A6351700638480 /* DashBoard.storyboard */ = {isa = PBXFileReference; lastKnownFileType = file.storyboard; path = DashBoard.storyboard; sourceTree = "<group>"; };
		E996B56025A6353000638480 /* NotificationCenter.storyboard */ = {isa = PBXFileReference; lastKnownFileType = file.storyboard; path = NotificationCenter.storyboard; sourceTree = "<group>"; };
		E996B56525A6353F00638480 /* NotificationCenterViewController.swift */ = {isa = PBXFileReference; lastKnownFileType = sourcecode.swift; path = NotificationCenterViewController.swift; sourceTree = "<group>"; };
		E99A03372704E38100C1BCCE /* ProjectReaderViewController.swift */ = {isa = PBXFileReference; lastKnownFileType = sourcecode.swift; path = ProjectReaderViewController.swift; sourceTree = "<group>"; };
		E99A0339270594B600C1BCCE /* ProjectReaderVC+TableViewDelegate.swift */ = {isa = PBXFileReference; lastKnownFileType = sourcecode.swift; path = "ProjectReaderVC+TableViewDelegate.swift"; sourceTree = "<group>"; };
		E99B8DE9268F021C005A9032 /* TaskCell.xib */ = {isa = PBXFileReference; lastKnownFileType = file.xib; path = TaskCell.xib; sourceTree = "<group>"; };
		E99B8DFA269491EA005A9032 /* ProjectCreationPresenter.swift */ = {isa = PBXFileReference; lastKnownFileType = sourcecode.swift; path = ProjectCreationPresenter.swift; sourceTree = "<group>"; };
		E99B8DFC269494DF005A9032 /* ProjectService.swift */ = {isa = PBXFileReference; lastKnownFileType = sourcecode.swift; path = ProjectService.swift; sourceTree = "<group>"; };
		E99B8DFE26949514005A9032 /* ProjectSession.swift */ = {isa = PBXFileReference; lastKnownFileType = sourcecode.swift; path = ProjectSession.swift; sourceTree = "<group>"; };
		E99B8E0026959877005A9032 /* Loader.swift */ = {isa = PBXFileReference; lastKnownFileType = sourcecode.swift; path = Loader.swift; sourceTree = "<group>"; };
		E99B8E022695AA6B005A9032 /* SplashScreen.storyboard */ = {isa = PBXFileReference; lastKnownFileType = file.storyboard; path = SplashScreen.storyboard; sourceTree = "<group>"; };
		E9BDE18E25D3F9B7001E3000 /* LoginPresenter.swift */ = {isa = PBXFileReference; lastKnownFileType = sourcecode.swift; path = LoginPresenter.swift; sourceTree = "<group>"; };
		E9C2214E25AE0F50001216F5 /* ProjectCreation.storyboard */ = {isa = PBXFileReference; lastKnownFileType = file.storyboard; path = ProjectCreation.storyboard; sourceTree = "<group>"; };
		E9C2218525AE1345001216F5 /* ProjectCell.xib */ = {isa = PBXFileReference; lastKnownFileType = file.xib; path = ProjectCell.xib; sourceTree = "<group>"; };
		E9C2218B25AE185D001216F5 /* UICollectionViewController.swift */ = {isa = PBXFileReference; lastKnownFileType = sourcecode.swift; path = UICollectionViewController.swift; sourceTree = "<group>"; };
		E9C9C587269FC57900080E45 /* ProjectCreationViewController+Delegate.swift */ = {isa = PBXFileReference; lastKnownFileType = sourcecode.swift; path = "ProjectCreationViewController+Delegate.swift"; sourceTree = "<group>"; };
		E9C9C58926A9400E00080E45 /* CustomProjectCell.swift */ = {isa = PBXFileReference; lastKnownFileType = sourcecode.swift; path = CustomProjectCell.swift; sourceTree = "<group>"; };
		E9CB3AA625DD7A5C009980EC /* Assets.xcassets */ = {isa = PBXFileReference; lastKnownFileType = folder.assetcatalog; path = Assets.xcassets; sourceTree = "<group>"; };
		E9CB3AAB25DE77BA009980EC /* Constants.swift */ = {isa = PBXFileReference; lastKnownFileType = sourcecode.swift; path = Constants.swift; sourceTree = "<group>"; };
		E9CDF01E265D25F7000D1FEA /* DashBoardCoordinator.swift */ = {isa = PBXFileReference; lastKnownFileType = sourcecode.swift; path = DashBoardCoordinator.swift; sourceTree = "<group>"; };
		E9CDF023265D26C2000D1FEA /* NotificationCoordinator.swift */ = {isa = PBXFileReference; lastKnownFileType = sourcecode.swift; path = NotificationCoordinator.swift; sourceTree = "<group>"; };
		E9D6076826847083005AC9EB /* CustomView.swift */ = {isa = PBXFileReference; lastKnownFileType = sourcecode.swift; path = CustomView.swift; sourceTree = "<group>"; };
		E9D6076C26848BCA005AC9EB /* StackViewShadow.swift */ = {isa = PBXFileReference; lastKnownFileType = sourcecode.swift; path = StackViewShadow.swift; sourceTree = "<group>"; };
		E9DC09FE25DE82B800667E8E /* CustomButton.swift */ = {isa = PBXFileReference; lastKnownFileType = sourcecode.swift; path = CustomButton.swift; sourceTree = "<group>"; };
		E9EC4F9026553E8200A1ED96 /* HomeCoordinator.swift */ = {isa = PBXFileReference; lastKnownFileType = sourcecode.swift; path = HomeCoordinator.swift; sourceTree = "<group>"; };
		E9EC4F9D265675C500A1ED96 /* TabBarViewController.swift */ = {isa = PBXFileReference; lastKnownFileType = sourcecode.swift; path = TabBarViewController.swift; sourceTree = "<group>"; };
		E9EC4FA226583CE800A1ED96 /* window.swift */ = {isa = PBXFileReference; lastKnownFileType = sourcecode.swift; path = window.swift; sourceTree = "<group>"; };
		E9EC4FAA265CFC0900A1ED96 /* AuthenticationCoordinator.swift */ = {isa = PBXFileReference; lastKnownFileType = sourcecode.swift; path = AuthenticationCoordinator.swift; sourceTree = "<group>"; };
		E9EE21782682275400D80414 /* CustomAppleSignIn.swift */ = {isa = PBXFileReference; lastKnownFileType = sourcecode.swift; path = CustomAppleSignIn.swift; sourceTree = "<group>"; };
		E9EE217D268240F500D80414 /* DashBoardPresenter.swift */ = {isa = PBXFileReference; lastKnownFileType = sourcecode.swift; path = DashBoardPresenter.swift; sourceTree = "<group>"; };
		E9EE217F268241D000D80414 /* DashBoardViewController+Delegate.swift */ = {isa = PBXFileReference; lastKnownFileType = sourcecode.swift; path = "DashBoardViewController+Delegate.swift"; sourceTree = "<group>"; };
		E9EE2181268373BC00D80414 /* ProjectCreationViewController+UITextFieldDelegate.swift */ = {isa = PBXFileReference; lastKnownFileType = sourcecode.swift; path = "ProjectCreationViewController+UITextFieldDelegate.swift"; sourceTree = "<group>"; };
		E9FE31EB269FAA8F00DF2532 /* CustomTaskTableViewCell.swift */ = {isa = PBXFileReference; lastKnownFileType = sourcecode.swift; path = CustomTaskTableViewCell.swift; sourceTree = "<group>"; };
		E9FE31ED269FAFDC00DF2532 /* ProjectCreationViewController+UITableView.swift */ = {isa = PBXFileReference; lastKnownFileType = sourcecode.swift; path = "ProjectCreationViewController+UITableView.swift"; sourceTree = "<group>"; };
		ECF4E3EB86E9E66E2F41899B /* Pods-Unsinkable.debug.xcconfig */ = {isa = PBXFileReference; includeInIndex = 1; lastKnownFileType = text.xcconfig; name = "Pods-Unsinkable.debug.xcconfig"; path = "Target Support Files/Pods-Unsinkable/Pods-Unsinkable.debug.xcconfig"; sourceTree = "<group>"; };
/* End PBXFileReference section */

/* Begin PBXFrameworksBuildPhase section */
		E92C356825A5EBA8001F2819 /* Frameworks */ = {
			isa = PBXFrameworksBuildPhase;
			buildActionMask = 2147483647;
			files = (
				243D0F3CA6AB440C7E61B0DE /* Pods_Unsinkable.framework in Frameworks */,
			);
			runOnlyForDeploymentPostprocessing = 0;
		};
		E92C357E25A5EBAC001F2819 /* Frameworks */ = {
			isa = PBXFrameworksBuildPhase;
			buildActionMask = 2147483647;
			files = (
				26CCB8F16AC9BA961A065215 /* Pods_UnsinkableTests.framework in Frameworks */,
			);
			runOnlyForDeploymentPostprocessing = 0;
		};
		E92C358925A5EBAC001F2819 /* Frameworks */ = {
			isa = PBXFrameworksBuildPhase;
			buildActionMask = 2147483647;
			files = (
				6FADD05467A016C0D281AFEC /* Pods_Unsinkable_UnsinkableUITests.framework in Frameworks */,
			);
			runOnlyForDeploymentPostprocessing = 0;
		};
/* End PBXFrameworksBuildPhase section */

/* Begin PBXGroup section */
		6E3867DA30362642DF7F1868 /* Frameworks */ = {
			isa = PBXGroup;
			children = (
				4DEF6FC91AD1B24045F02C93 /* Pods_Unsinkable.framework */,
				C99EFAC4466473468C536C95 /* Pods_Unsinkable_UnsinkableUITests.framework */,
				2DA4556E6ED25D95A4473CA0 /* Pods_UnsinkableTests.framework */,
			);
			name = Frameworks;
			sourceTree = "<group>";
		};
		A0D333E413336074568E176B /* Pods */ = {
			isa = PBXGroup;
			children = (
				ECF4E3EB86E9E66E2F41899B /* Pods-Unsinkable.debug.xcconfig */,
				942B20643B3D015374268575 /* Pods-Unsinkable.release.xcconfig */,
				94F04F721327FD9AA40E8C00 /* Pods-Unsinkable-UnsinkableUITests.debug.xcconfig */,
				523A48797D4B2B16A268A378 /* Pods-Unsinkable-UnsinkableUITests.release.xcconfig */,
				66FA4CBE5D2F66C9D245FA61 /* Pods-UnsinkableTests.debug.xcconfig */,
				6C6B3891B8BEC47F8EA9FD1B /* Pods-UnsinkableTests.release.xcconfig */,
			);
			path = Pods;
			sourceTree = "<group>";
		};
		E903130025E7C42C00CBC228 /* ServiceTest */ = {
			isa = PBXGroup;
			children = (
				E94BA63326317673003AC914 /* UserAuthenticationServiceTest.swift */,
			);
			path = ServiceTest;
			sourceTree = "<group>";
		};
		E921575725C0562000D42137 /* Coordinator */ = {
			isa = PBXGroup;
			children = (
				E921575825C05BA100D42137 /* Coordinator.swift */,
				E921576525C05F0000D42137 /* CoordinatorManager.swift */,
				E9CDF01C265D25BD000D1FEA /* AuthenticationCoordinator */,
				E9CDF01D265D25D7000D1FEA /* TabBarCoordinator */,
			);
			path = Coordinator;
			sourceTree = "<group>";
		};
		E92C356225A5EBA8001F2819 = {
			isa = PBXGroup;
			children = (
				E92C356D25A5EBA8001F2819 /* Unsinkable */,
				E92C358425A5EBAC001F2819 /* UnsinkableTests */,
				E92C358F25A5EBAC001F2819 /* UnsinkableUITests */,
				E92C356C25A5EBA8001F2819 /* Products */,
				6E3867DA30362642DF7F1868 /* Frameworks */,
				A0D333E413336074568E176B /* Pods */,
			);
			sourceTree = "<group>";
		};
		E92C356C25A5EBA8001F2819 /* Products */ = {
			isa = PBXGroup;
			children = (
				E92C356B25A5EBA8001F2819 /* Unsinkable.app */,
				E92C358125A5EBAC001F2819 /* UnsinkableTests.xctest */,
				E92C358C25A5EBAC001F2819 /* UnsinkableUITests.xctest */,
			);
			name = Products;
			sourceTree = "<group>";
		};
		E92C356D25A5EBA8001F2819 /* Unsinkable */ = {
			isa = PBXGroup;
			children = (
				E92C356E25A5EBA8001F2819 /* AppDelegate.swift */,
				E95AF91E267CD90E00BD1AF8 /* Scenes */,
				E92C35A725A5ECEF001F2819 /* Model */,
				E95AF9032678DFBC00BD1AF8 /* CustomComponent */,
				E921575725C0562000D42137 /* Coordinator */,
				E951023025AF6A2F0070A91C /* Extensions */,
				E951029025B8BA820070A91C /* Helpers */,
				E92C35A825A5ECFD001F2819 /* SupportingFiles */,
			);
			path = Unsinkable;
			sourceTree = "<group>";
		};
		E92C358425A5EBAC001F2819 /* UnsinkableTests */ = {
			isa = PBXGroup;
			children = (
				E92EEEE8264AC485005C247F /* FakeStorage.swift */,
				E976F3D926397A60000F9BC6 /* AuthenticationSessionFake.swift */,
				E903130025E7C42C00CBC228 /* ServiceTest */,
				E92C358725A5EBAC001F2819 /* Info.plist */,
			);
			path = UnsinkableTests;
			sourceTree = "<group>";
		};
		E92C358F25A5EBAC001F2819 /* UnsinkableUITests */ = {
			isa = PBXGroup;
			children = (
				E92C359025A5EBAC001F2819 /* UnsinkableUITests.swift */,
				E92C359225A5EBAC001F2819 /* Info.plist */,
			);
			path = UnsinkableUITests;
			sourceTree = "<group>";
		};
		E92C35A725A5ECEF001F2819 /* Model */ = {
			isa = PBXGroup;
			children = (
				E91DB50E2643FBBD0035889A /* CustomResponse.swift */,
			);
			path = Model;
			sourceTree = "<group>";
		};
		E92C35A825A5ECFD001F2819 /* SupportingFiles */ = {
			isa = PBXGroup;
			children = (
				E996B51925A620E900638480 /* GoogleService-Info.plist */,
				E92C357C25A5EBAB001F2819 /* Info.plist */,
				E92C357925A5EBAB001F2819 /* LaunchScreen.storyboard */,
				E9CB3AA625DD7A5C009980EC /* Assets.xcassets */,
				E99B8E022695AA6B005A9032 /* SplashScreen.storyboard */,
			);
			path = SupportingFiles;
			sourceTree = "<group>";
		};
		E951023025AF6A2F0070A91C /* Extensions */ = {
			isa = PBXGroup;
			children = (
				E951023125AF6A6C0070A91C /* UIViewController+Push.swift */,
				E95102CB25B97F7A0070A91C /* StringExtension.swift */,
				E90312CD25E5409600CBC228 /* TextFieldExtension.swift */,
				E97A877226DFB94000097527 /* UITextView.swift */,
				E9EC4FA226583CE800A1ED96 /* window.swift */,
			);
			path = Extensions;
			sourceTree = "<group>";
		};
		E951029025B8BA820070A91C /* Helpers */ = {
			isa = PBXGroup;
			children = (
				E951029125B8BA9F0070A91C /* Regex.swift */,
				E9CB3AAB25DE77BA009980EC /* Constants.swift */,
				E99B8E0026959877005A9032 /* Loader.swift */,
			);
			path = Helpers;
			sourceTree = "<group>";
		};
		E95AF8FC2678DE0300BD1AF8 /* Onboarding */ = {
			isa = PBXGroup;
			children = (
				E95AF9072678E17B00BD1AF8 /* MainLoginPage */,
				E95AF8FD2678DE1700BD1AF8 /* Login */,
				E95AF8FE2678DE1F00BD1AF8 /* Register */,
				E95AF9192678E37E00BD1AF8 /* Services */,
			);
			path = Onboarding;
			sourceTree = "<group>";
		};
		E95AF8FD2678DE1700BD1AF8 /* Login */ = {
			isa = PBXGroup;
			children = (
				E95AF9082678E1AC00BD1AF8 /* StoryBoard */,
				E95AF9092678E1B800BD1AF8 /* ViewController */,
				E95AF90A2678E1C000BD1AF8 /* Presenter */,
			);
			path = Login;
			sourceTree = "<group>";
		};
		E95AF8FE2678DE1F00BD1AF8 /* Register */ = {
			isa = PBXGroup;
			children = (
				E95AF90B2678E1D500BD1AF8 /* StoryBoard */,
				E95AF90C2678E1DD00BD1AF8 /* ViewController */,
				E95AF90D2678E1F200BD1AF8 /* Presenter */,
			);
			path = Register;
			sourceTree = "<group>";
		};
		E95AF8FF2678DF0800BD1AF8 /* HomePage */ = {
			isa = PBXGroup;
			children = (
				E95AF9012678DF7D00BD1AF8 /* Dashboard */,
				E95AF9022678DF9A00BD1AF8 /* Notification */,
				E95AF9002678DF4F00BD1AF8 /* Profil */,
			);
			path = HomePage;
			sourceTree = "<group>";
		};
		E95AF9002678DF4F00BD1AF8 /* Profil */ = {
			isa = PBXGroup;
			children = (
				E95AF9172678E2DF00BD1AF8 /* StoryBoard */,
				E95AF9162678E2D600BD1AF8 /* ViewController */,
				E95AF9182678E35A00BD1AF8 /* Presenter */,
			);
			path = Profil;
			sourceTree = "<group>";
		};
		E95AF9012678DF7D00BD1AF8 /* Dashboard */ = {
			isa = PBXGroup;
			children = (
				E95AF9112678E26B00BD1AF8 /* StoryBoard */,
				E95AF9102678E26500BD1AF8 /* ViewController */,
				E95AF90F2678E26000BD1AF8 /* Presenter */,
				E9C2218425AE1320001216F5 /* Cell */,
				E9EE217A26823F8E00D80414 /* Service */,
				E95AF90E2678E24300BD1AF8 /* TabBar */,
			);
			path = Dashboard;
			sourceTree = "<group>";
		};
		E95AF9022678DF9A00BD1AF8 /* Notification */ = {
			isa = PBXGroup;
			children = (
				E95AF9142678E2BB00BD1AF8 /* StoryBoard */,
				E95AF9132678E2B500BD1AF8 /* ViewController */,
				E95AF9122678E2AE00BD1AF8 /* Presenter */,
			);
			path = Notification;
			sourceTree = "<group>";
		};
		E95AF9032678DFBC00BD1AF8 /* CustomComponent */ = {
			isa = PBXGroup;
			children = (
				E9D6076726847065005AC9EB /* ProjectCreation */,
				E9DC09FE25DE82B800667E8E /* CustomButton.swift */,
				E9553E5425E534F4006101D2 /* CustomTextField.swift */,
				E9EE21782682275400D80414 /* CustomAppleSignIn.swift */,
			);
			path = CustomComponent;
			sourceTree = "<group>";
		};
		E95AF9042678E13000BD1AF8 /* StoryBoard */ = {
			isa = PBXGroup;
			children = (
				E951026425B843E50070A91C /* MainLoginPage.storyboard */,
			);
			path = StoryBoard;
			sourceTree = "<group>";
		};
		E95AF9052678E14A00BD1AF8 /* ViewController */ = {
			isa = PBXGroup;
			children = (
				E951027E25B84DDD0070A91C /* MainLoginViewController.swift */,
			);
			path = ViewController;
			sourceTree = "<group>";
		};
		E95AF9062678E15700BD1AF8 /* Presenter */ = {
			isa = PBXGroup;
			children = (
			);
			path = Presenter;
			sourceTree = "<group>";
		};
		E95AF9072678E17B00BD1AF8 /* MainLoginPage */ = {
			isa = PBXGroup;
			children = (
				E95AF9042678E13000BD1AF8 /* StoryBoard */,
				E95AF9052678E14A00BD1AF8 /* ViewController */,
				E95AF9062678E15700BD1AF8 /* Presenter */,
			);
			path = MainLoginPage;
			sourceTree = "<group>";
		};
		E95AF9082678E1AC00BD1AF8 /* StoryBoard */ = {
			isa = PBXGroup;
			children = (
				E951026C25B84CC40070A91C /* SignIn.storyboard */,
			);
			path = StoryBoard;
			sourceTree = "<group>";
		};
		E95AF9092678E1B800BD1AF8 /* ViewController */ = {
			isa = PBXGroup;
			children = (
				E951028325B84DEE0070A91C /* LogInViewController.swift */,
				E94BA61A2628464B003AC914 /* LoginViewController+LoginPresenterDelegat.swift */,
				E90312F625E56DCC00CBC228 /* LoginViewControllerTextFieldDelegat.swift */,
			);
			path = ViewController;
			sourceTree = "<group>";
		};
		E95AF90A2678E1C000BD1AF8 /* Presenter */ = {
			isa = PBXGroup;
			children = (
				E9BDE18E25D3F9B7001E3000 /* LoginPresenter.swift */,
			);
			path = Presenter;
			sourceTree = "<group>";
		};
		E95AF90B2678E1D500BD1AF8 /* StoryBoard */ = {
			isa = PBXGroup;
			children = (
				E951027125B84CE10070A91C /* Register.storyboard */,
			);
			path = StoryBoard;
			sourceTree = "<group>";
		};
		E95AF90C2678E1DD00BD1AF8 /* ViewController */ = {
			isa = PBXGroup;
			children = (
				E951028825B84DF90070A91C /* RegisterViewController.swift */,
				E90312EB25E5646200CBC228 /* RegisterViewControllerTextFieldDelegate.swift */,
				E94BA61F26285845003AC914 /* RegisterViewController+RegisterPresenterDelegate.swift */,
			);
			path = ViewController;
			sourceTree = "<group>";
		};
		E95AF90D2678E1F200BD1AF8 /* Presenter */ = {
			isa = PBXGroup;
			children = (
				E92157A725C18B7600D42137 /* RegisterPresenter.swift */,
			);
			path = Presenter;
			sourceTree = "<group>";
		};
		E95AF90E2678E24300BD1AF8 /* TabBar */ = {
			isa = PBXGroup;
			children = (
				E9EC4F9D265675C500A1ED96 /* TabBarViewController.swift */,
			);
			path = TabBar;
			sourceTree = "<group>";
		};
		E95AF90F2678E26000BD1AF8 /* Presenter */ = {
			isa = PBXGroup;
			children = (
				E9EE217D268240F500D80414 /* DashBoardPresenter.swift */,
				E99B8DFA269491EA005A9032 /* ProjectCreationPresenter.swift */,
			);
			path = Presenter;
			sourceTree = "<group>";
		};
		E95AF9102678E26500BD1AF8 /* ViewController */ = {
			isa = PBXGroup;
			children = (
				E99B8DEB268F0690005A9032 /* DashBoard */,
				E99B8DEC268F06A5005A9032 /* ProjectCreation */,
			);
			path = ViewController;
			sourceTree = "<group>";
		};
		E95AF9112678E26B00BD1AF8 /* StoryBoard */ = {
			isa = PBXGroup;
			children = (
				E996B55B25A6351700638480 /* DashBoard.storyboard */,
				E9C2214E25AE0F50001216F5 /* ProjectCreation.storyboard */,
				E90236BC26E0E7820070853F /* ProjectReading.storyboard */,
			);
			path = StoryBoard;
			sourceTree = "<group>";
		};
		E95AF9122678E2AE00BD1AF8 /* Presenter */ = {
			isa = PBXGroup;
			children = (
			);
			path = Presenter;
			sourceTree = "<group>";
		};
		E95AF9132678E2B500BD1AF8 /* ViewController */ = {
			isa = PBXGroup;
			children = (
				E996B56525A6353F00638480 /* NotificationCenterViewController.swift */,
			);
			path = ViewController;
			sourceTree = "<group>";
		};
		E95AF9142678E2BB00BD1AF8 /* StoryBoard */ = {
			isa = PBXGroup;
			children = (
				E996B56025A6353000638480 /* NotificationCenter.storyboard */,
			);
			path = StoryBoard;
			sourceTree = "<group>";
		};
		E95AF9162678E2D600BD1AF8 /* ViewController */ = {
			isa = PBXGroup;
			children = (
				E99635BC2653E3AD00185327 /* ProfilViewController.swift */,
				E95AF91C2679F30D00BD1AF8 /* ProfilViewController+ProfilPresenterDelegate.swift */,
			);
			path = ViewController;
			sourceTree = "<group>";
		};
		E95AF9172678E2DF00BD1AF8 /* StoryBoard */ = {
			isa = PBXGroup;
			children = (
				E99635B62653D99E00185327 /* Profil.storyboard */,
			);
			path = StoryBoard;
			sourceTree = "<group>";
		};
		E95AF9182678E35A00BD1AF8 /* Presenter */ = {
			isa = PBXGroup;
			children = (
				E95AF91A2679F21400BD1AF8 /* ProfiPresenter.swift */,
			);
			path = Presenter;
			sourceTree = "<group>";
		};
		E95AF9192678E37E00BD1AF8 /* Services */ = {
			isa = PBXGroup;
			children = (
				E951029B25B970D20070A91C /* UserAuthentificationService.swift */,
				E903130125E7C52300CBC228 /* AuthenticationSession.swift */,
			);
			path = Services;
			sourceTree = "<group>";
		};
		E95AF91E267CD90E00BD1AF8 /* Scenes */ = {
			isa = PBXGroup;
			children = (
				E95AF8FC2678DE0300BD1AF8 /* Onboarding */,
				E95AF8FF2678DF0800BD1AF8 /* HomePage */,
			);
			path = Scenes;
			sourceTree = "<group>";
		};
		E99A03362704E36700C1BCCE /* ProjectReader */ = {
			isa = PBXGroup;
			children = (
				E99A03372704E38100C1BCCE /* ProjectReaderViewController.swift */,
				E99A0339270594B600C1BCCE /* ProjectReaderVC+TableViewDelegate.swift */,
			);
			path = ProjectReader;
			sourceTree = "<group>";
		};
		E99B8DEB268F0690005A9032 /* DashBoard */ = {
			isa = PBXGroup;
			children = (
				E996B55625A6344A00638480 /* DashBoardViewController.swift */,
				E9EE217F268241D000D80414 /* DashBoardViewController+Delegate.swift */,
				E9C2218B25AE185D001216F5 /* UICollectionViewController.swift */,
			);
			path = DashBoard;
			sourceTree = "<group>";
		};
		E99B8DEC268F06A5005A9032 /* ProjectCreation */ = {
			isa = PBXGroup;
			children = (
				E99A03362704E36700C1BCCE /* ProjectReader */,
				E99B8DF926949121005A9032 /* ProjectCreation */,
			);
			path = ProjectCreation;
			sourceTree = "<group>";
		};
		E99B8DF926949121005A9032 /* ProjectCreation */ = {
			isa = PBXGroup;
			children = (
				E951022B25AF69A50070A91C /* ProjectCreationViewController.swift */,
				E9C9C587269FC57900080E45 /* ProjectCreationViewController+Delegate.swift */,
				E9EE2181268373BC00D80414 /* ProjectCreationViewController+UITextFieldDelegate.swift */,
				E9FE31ED269FAFDC00DF2532 /* ProjectCreationViewController+UITableView.swift */,
			);
			path = ProjectCreation;
			sourceTree = "<group>";
		};
		E9C2218425AE1320001216F5 /* Cell */ = {
			isa = PBXGroup;
			children = (
				E9C2218525AE1345001216F5 /* ProjectCell.xib */,
				E99B8DE9268F021C005A9032 /* TaskCell.xib */,
				E9FE31EB269FAA8F00DF2532 /* CustomTaskTableViewCell.swift */,
				E9C9C58926A9400E00080E45 /* CustomProjectCell.swift */,
			);
			path = Cell;
			sourceTree = "<group>";
		};
		E9CDF01C265D25BD000D1FEA /* AuthenticationCoordinator */ = {
			isa = PBXGroup;
			children = (
				E9EC4FAA265CFC0900A1ED96 /* AuthenticationCoordinator.swift */,
			);
			path = AuthenticationCoordinator;
			sourceTree = "<group>";
		};
		E9CDF01D265D25D7000D1FEA /* TabBarCoordinator */ = {
			isa = PBXGroup;
			children = (
				E9EC4F9026553E8200A1ED96 /* HomeCoordinator.swift */,
				E9CDF01E265D25F7000D1FEA /* DashBoardCoordinator.swift */,
				E9CDF023265D26C2000D1FEA /* NotificationCoordinator.swift */,
			);
			path = TabBarCoordinator;
			sourceTree = "<group>";
		};
		E9D6076726847065005AC9EB /* ProjectCreation */ = {
			isa = PBXGroup;
			children = (
				E9D6076826847083005AC9EB /* CustomView.swift */,
				E9D6076C26848BCA005AC9EB /* StackViewShadow.swift */,
			);
			path = ProjectCreation;
			sourceTree = "<group>";
		};
		E9EE217A26823F8E00D80414 /* Service */ = {
			isa = PBXGroup;
			children = (
				E99B8DFC269494DF005A9032 /* ProjectService.swift */,
				E99B8DFE26949514005A9032 /* ProjectSession.swift */,
			);
			path = Service;
			sourceTree = "<group>";
		};
/* End PBXGroup section */

/* Begin PBXNativeTarget section */
		E92C356A25A5EBA8001F2819 /* Unsinkable */ = {
			isa = PBXNativeTarget;
			buildConfigurationList = E92C359525A5EBAC001F2819 /* Build configuration list for PBXNativeTarget "Unsinkable" */;
			buildPhases = (
				1BA929FC29C8365D402393A2 /* [CP] Check Pods Manifest.lock */,
				E92C356725A5EBA8001F2819 /* Sources */,
				E92C356825A5EBA8001F2819 /* Frameworks */,
				E92C356925A5EBA8001F2819 /* Resources */,
				6042EECC6833F39FFF155555 /* [CP] Embed Pods Frameworks */,
			);
			buildRules = (
			);
			dependencies = (
			);
			name = Unsinkable;
			packageProductDependencies = (
			);
			productName = Unsinkable;
			productReference = E92C356B25A5EBA8001F2819 /* Unsinkable.app */;
			productType = "com.apple.product-type.application";
		};
		E92C358025A5EBAC001F2819 /* UnsinkableTests */ = {
			isa = PBXNativeTarget;
			buildConfigurationList = E92C359825A5EBAC001F2819 /* Build configuration list for PBXNativeTarget "UnsinkableTests" */;
			buildPhases = (
				341BD037BBDED520146B42E9 /* [CP] Check Pods Manifest.lock */,
				E92C357D25A5EBAC001F2819 /* Sources */,
				E92C357E25A5EBAC001F2819 /* Frameworks */,
				E92C357F25A5EBAC001F2819 /* Resources */,
			);
			buildRules = (
			);
			dependencies = (
				E92C358325A5EBAC001F2819 /* PBXTargetDependency */,
			);
			name = UnsinkableTests;
			productName = UnsinkableTests;
			productReference = E92C358125A5EBAC001F2819 /* UnsinkableTests.xctest */;
			productType = "com.apple.product-type.bundle.unit-test";
		};
		E92C358B25A5EBAC001F2819 /* UnsinkableUITests */ = {
			isa = PBXNativeTarget;
			buildConfigurationList = E92C359B25A5EBAC001F2819 /* Build configuration list for PBXNativeTarget "UnsinkableUITests" */;
			buildPhases = (
				AB2A35F5AAE1F821604828F5 /* [CP] Check Pods Manifest.lock */,
				E92C358825A5EBAC001F2819 /* Sources */,
				E92C358925A5EBAC001F2819 /* Frameworks */,
				E92C358A25A5EBAC001F2819 /* Resources */,
				CB60C5918FD0224CB6B23AB7 /* [CP] Embed Pods Frameworks */,
			);
			buildRules = (
			);
			dependencies = (
				E92C358E25A5EBAC001F2819 /* PBXTargetDependency */,
			);
			name = UnsinkableUITests;
			productName = UnsinkableUITests;
			productReference = E92C358C25A5EBAC001F2819 /* UnsinkableUITests.xctest */;
			productType = "com.apple.product-type.bundle.ui-testing";
		};
/* End PBXNativeTarget section */

/* Begin PBXProject section */
		E92C356325A5EBA8001F2819 /* Project object */ = {
			isa = PBXProject;
			attributes = {
				LastSwiftUpdateCheck = 1220;
				LastUpgradeCheck = 1220;
				TargetAttributes = {
					E92C356A25A5EBA8001F2819 = {
						CreatedOnToolsVersion = 12.2;
					};
					E92C358025A5EBAC001F2819 = {
						CreatedOnToolsVersion = 12.2;
						TestTargetID = E92C356A25A5EBA8001F2819;
					};
					E92C358B25A5EBAC001F2819 = {
						CreatedOnToolsVersion = 12.2;
						TestTargetID = E92C356A25A5EBA8001F2819;
					};
				};
			};
			buildConfigurationList = E92C356625A5EBA8001F2819 /* Build configuration list for PBXProject "Unsinkable" */;
			compatibilityVersion = "Xcode 9.3";
			developmentRegion = en;
			hasScannedForEncodings = 0;
			knownRegions = (
				en,
				Base,
			);
			mainGroup = E92C356225A5EBA8001F2819;
			packageReferences = (
			);
			productRefGroup = E92C356C25A5EBA8001F2819 /* Products */;
			projectDirPath = "";
			projectRoot = "";
			targets = (
				E92C356A25A5EBA8001F2819 /* Unsinkable */,
				E92C358025A5EBAC001F2819 /* UnsinkableTests */,
				E92C358B25A5EBAC001F2819 /* UnsinkableUITests */,
			);
		};
/* End PBXProject section */

/* Begin PBXResourcesBuildPhase section */
		E92C356925A5EBA8001F2819 /* Resources */ = {
			isa = PBXResourcesBuildPhase;
			buildActionMask = 2147483647;
			files = (
				E996B56125A6353000638480 /* NotificationCenter.storyboard in Resources */,
				E90236BD26E0E7820070853F /* ProjectReading.storyboard in Resources */,
				E99B8DEA268F021C005A9032 /* TaskCell.xib in Resources */,
				E99635B72653D99E00185327 /* Profil.storyboard in Resources */,
				E996B55C25A6351700638480 /* DashBoard.storyboard in Resources */,
				E9C2218625AE1345001216F5 /* ProjectCell.xib in Resources */,
				E92C357B25A5EBAB001F2819 /* LaunchScreen.storyboard in Resources */,
				E996B51A25A620E900638480 /* GoogleService-Info.plist in Resources */,
				E951026D25B84CC40070A91C /* SignIn.storyboard in Resources */,
				E951026525B843E50070A91C /* MainLoginPage.storyboard in Resources */,
				E9C2214F25AE0F50001216F5 /* ProjectCreation.storyboard in Resources */,
				E9CB3AA725DD7A5C009980EC /* Assets.xcassets in Resources */,
				E99B8E032695AA6B005A9032 /* SplashScreen.storyboard in Resources */,
				E951027225B84CE10070A91C /* Register.storyboard in Resources */,
			);
			runOnlyForDeploymentPostprocessing = 0;
		};
		E92C357F25A5EBAC001F2819 /* Resources */ = {
			isa = PBXResourcesBuildPhase;
			buildActionMask = 2147483647;
			files = (
				E996B51B25A620E900638480 /* GoogleService-Info.plist in Resources */,
			);
			runOnlyForDeploymentPostprocessing = 0;
		};
		E92C358A25A5EBAC001F2819 /* Resources */ = {
			isa = PBXResourcesBuildPhase;
			buildActionMask = 2147483647;
			files = (
				E996B51C25A620E900638480 /* GoogleService-Info.plist in Resources */,
			);
			runOnlyForDeploymentPostprocessing = 0;
		};
/* End PBXResourcesBuildPhase section */

/* Begin PBXShellScriptBuildPhase section */
		1BA929FC29C8365D402393A2 /* [CP] Check Pods Manifest.lock */ = {
			isa = PBXShellScriptBuildPhase;
			buildActionMask = 2147483647;
			files = (
			);
			inputFileListPaths = (
			);
			inputPaths = (
				"${PODS_PODFILE_DIR_PATH}/Podfile.lock",
				"${PODS_ROOT}/Manifest.lock",
			);
			name = "[CP] Check Pods Manifest.lock";
			outputFileListPaths = (
			);
			outputPaths = (
				"$(DERIVED_FILE_DIR)/Pods-Unsinkable-checkManifestLockResult.txt",
			);
			runOnlyForDeploymentPostprocessing = 0;
			shellPath = /bin/sh;
			shellScript = "diff \"${PODS_PODFILE_DIR_PATH}/Podfile.lock\" \"${PODS_ROOT}/Manifest.lock\" > /dev/null\nif [ $? != 0 ] ; then\n    # print error to STDERR\n    echo \"error: The sandbox is not in sync with the Podfile.lock. Run 'pod install' or update your CocoaPods installation.\" >&2\n    exit 1\nfi\n# This output is used by Xcode 'outputs' to avoid re-running this script phase.\necho \"SUCCESS\" > \"${SCRIPT_OUTPUT_FILE_0}\"\n";
			showEnvVarsInLog = 0;
		};
		341BD037BBDED520146B42E9 /* [CP] Check Pods Manifest.lock */ = {
			isa = PBXShellScriptBuildPhase;
			buildActionMask = 2147483647;
			files = (
			);
			inputFileListPaths = (
			);
			inputPaths = (
				"${PODS_PODFILE_DIR_PATH}/Podfile.lock",
				"${PODS_ROOT}/Manifest.lock",
			);
			name = "[CP] Check Pods Manifest.lock";
			outputFileListPaths = (
			);
			outputPaths = (
				"$(DERIVED_FILE_DIR)/Pods-UnsinkableTests-checkManifestLockResult.txt",
			);
			runOnlyForDeploymentPostprocessing = 0;
			shellPath = /bin/sh;
			shellScript = "diff \"${PODS_PODFILE_DIR_PATH}/Podfile.lock\" \"${PODS_ROOT}/Manifest.lock\" > /dev/null\nif [ $? != 0 ] ; then\n    # print error to STDERR\n    echo \"error: The sandbox is not in sync with the Podfile.lock. Run 'pod install' or update your CocoaPods installation.\" >&2\n    exit 1\nfi\n# This output is used by Xcode 'outputs' to avoid re-running this script phase.\necho \"SUCCESS\" > \"${SCRIPT_OUTPUT_FILE_0}\"\n";
			showEnvVarsInLog = 0;
		};
		6042EECC6833F39FFF155555 /* [CP] Embed Pods Frameworks */ = {
			isa = PBXShellScriptBuildPhase;
			buildActionMask = 2147483647;
			files = (
			);
			inputFileListPaths = (
				"${PODS_ROOT}/Target Support Files/Pods-Unsinkable/Pods-Unsinkable-frameworks-${CONFIGURATION}-input-files.xcfilelist",
			);
			name = "[CP] Embed Pods Frameworks";
			outputFileListPaths = (
				"${PODS_ROOT}/Target Support Files/Pods-Unsinkable/Pods-Unsinkable-frameworks-${CONFIGURATION}-output-files.xcfilelist",
			);
			runOnlyForDeploymentPostprocessing = 0;
			shellPath = /bin/sh;
			shellScript = "\"${PODS_ROOT}/Target Support Files/Pods-Unsinkable/Pods-Unsinkable-frameworks.sh\"\n";
			showEnvVarsInLog = 0;
		};
		AB2A35F5AAE1F821604828F5 /* [CP] Check Pods Manifest.lock */ = {
			isa = PBXShellScriptBuildPhase;
			buildActionMask = 2147483647;
			files = (
			);
			inputFileListPaths = (
			);
			inputPaths = (
				"${PODS_PODFILE_DIR_PATH}/Podfile.lock",
				"${PODS_ROOT}/Manifest.lock",
			);
			name = "[CP] Check Pods Manifest.lock";
			outputFileListPaths = (
			);
			outputPaths = (
				"$(DERIVED_FILE_DIR)/Pods-Unsinkable-UnsinkableUITests-checkManifestLockResult.txt",
			);
			runOnlyForDeploymentPostprocessing = 0;
			shellPath = /bin/sh;
			shellScript = "diff \"${PODS_PODFILE_DIR_PATH}/Podfile.lock\" \"${PODS_ROOT}/Manifest.lock\" > /dev/null\nif [ $? != 0 ] ; then\n    # print error to STDERR\n    echo \"error: The sandbox is not in sync with the Podfile.lock. Run 'pod install' or update your CocoaPods installation.\" >&2\n    exit 1\nfi\n# This output is used by Xcode 'outputs' to avoid re-running this script phase.\necho \"SUCCESS\" > \"${SCRIPT_OUTPUT_FILE_0}\"\n";
			showEnvVarsInLog = 0;
		};
		CB60C5918FD0224CB6B23AB7 /* [CP] Embed Pods Frameworks */ = {
			isa = PBXShellScriptBuildPhase;
			buildActionMask = 2147483647;
			files = (
			);
			inputFileListPaths = (
				"${PODS_ROOT}/Target Support Files/Pods-Unsinkable-UnsinkableUITests/Pods-Unsinkable-UnsinkableUITests-frameworks-${CONFIGURATION}-input-files.xcfilelist",
			);
			name = "[CP] Embed Pods Frameworks";
			outputFileListPaths = (
				"${PODS_ROOT}/Target Support Files/Pods-Unsinkable-UnsinkableUITests/Pods-Unsinkable-UnsinkableUITests-frameworks-${CONFIGURATION}-output-files.xcfilelist",
			);
			runOnlyForDeploymentPostprocessing = 0;
			shellPath = /bin/sh;
			shellScript = "\"${PODS_ROOT}/Target Support Files/Pods-Unsinkable-UnsinkableUITests/Pods-Unsinkable-UnsinkableUITests-frameworks.sh\"\n";
			showEnvVarsInLog = 0;
		};
/* End PBXShellScriptBuildPhase section */

/* Begin PBXSourcesBuildPhase section */
		E92C356725A5EBA8001F2819 /* Sources */ = {
			isa = PBXSourcesBuildPhase;
			buildActionMask = 2147483647;
			files = (
				E99B8DFF26949514005A9032 /* ProjectSession.swift in Sources */,
				E9BDE18F25D3F9B7001E3000 /* LoginPresenter.swift in Sources */,
				E9CDF01F265D25F7000D1FEA /* DashBoardCoordinator.swift in Sources */,
				E9CB3AAC25DE77BA009980EC /* Constants.swift in Sources */,
				E951028925B84DF90070A91C /* RegisterViewController.swift in Sources */,
				E951022C25AF69A50070A91C /* ProjectCreationViewController.swift in Sources */,
				E921576625C05F0000D42137 /* CoordinatorManager.swift in Sources */,
				E97A877326DFB94000097527 /* UITextView.swift in Sources */,
				E9553E5525E534F4006101D2 /* CustomTextField.swift in Sources */,
				E921575925C05BA100D42137 /* Coordinator.swift in Sources */,
				E99A03382704E38100C1BCCE /* ProjectReaderViewController.swift in Sources */,
				E9EE2180268241D000D80414 /* DashBoardViewController+Delegate.swift in Sources */,
				E99B8DFD269494DF005A9032 /* ProjectService.swift in Sources */,
				E9D6076D26848BCA005AC9EB /* StackViewShadow.swift in Sources */,
				E9C9C588269FC57900080E45 /* ProjectCreationViewController+Delegate.swift in Sources */,
				E9EC4FAB265CFC0900A1ED96 /* AuthenticationCoordinator.swift in Sources */,
				E951029C25B970D20070A91C /* UserAuthentificationService.swift in Sources */,
				E9C2218C25AE185D001216F5 /* UICollectionViewController.swift in Sources */,
				E951023225AF6A6C0070A91C /* UIViewController+Push.swift in Sources */,
				E99B8E0126959877005A9032 /* Loader.swift in Sources */,
				E996B56625A6353F00638480 /* NotificationCenterViewController.swift in Sources */,
				E9FE31EE269FAFDC00DF2532 /* ProjectCreationViewController+UITableView.swift in Sources */,
				E9CDF024265D26C2000D1FEA /* NotificationCoordinator.swift in Sources */,
				E951028425B84DEE0070A91C /* LogInViewController.swift in Sources */,
				E94BA61B2628464B003AC914 /* LoginViewController+LoginPresenterDelegat.swift in Sources */,
				E9EC4F9126553E8200A1ED96 /* HomeCoordinator.swift in Sources */,
				E9D6076926847083005AC9EB /* CustomView.swift in Sources */,
				E9EE217E268240F500D80414 /* DashBoardPresenter.swift in Sources */,
				E951027F25B84DDD0070A91C /* MainLoginViewController.swift in Sources */,
				E90312CE25E5409600CBC228 /* TextFieldExtension.swift in Sources */,
				E92157A825C18B7600D42137 /* RegisterPresenter.swift in Sources */,
				E99635BD2653E3AD00185327 /* ProfilViewController.swift in Sources */,
				E9EC4F9E265675C500A1ED96 /* TabBarViewController.swift in Sources */,
				E9DC09FF25DE82B800667E8E /* CustomButton.swift in Sources */,
				E90312EC25E5646200CBC228 /* RegisterViewControllerTextFieldDelegate.swift in Sources */,
				E95AF91D2679F30D00BD1AF8 /* ProfilViewController+ProfilPresenterDelegate.swift in Sources */,
				E95102CC25B97F7A0070A91C /* StringExtension.swift in Sources */,
				E95AF91B2679F21400BD1AF8 /* ProfiPresenter.swift in Sources */,
				E91DB50F2643FBBD0035889A /* CustomResponse.swift in Sources */,
				E92C356F25A5EBA8001F2819 /* AppDelegate.swift in Sources */,
				E951029225B8BA9F0070A91C /* Regex.swift in Sources */,
				E903130225E7C52300CBC228 /* AuthenticationSession.swift in Sources */,
				E99A033A270594B600C1BCCE /* ProjectReaderVC+TableViewDelegate.swift in Sources */,
				E99B8DFB269491EA005A9032 /* ProjectCreationPresenter.swift in Sources */,
				E9C9C58A26A9400E00080E45 /* CustomProjectCell.swift in Sources */,
				E9FE31EC269FAA8F00DF2532 /* CustomTaskTableViewCell.swift in Sources */,
				E9EE2182268373BD00D80414 /* ProjectCreationViewController+UITextFieldDelegate.swift in Sources */,
				E996B55725A6344A00638480 /* DashBoardViewController.swift in Sources */,
				E9EC4FA326583CE800A1ED96 /* window.swift in Sources */,
				E90312F725E56DCC00CBC228 /* LoginViewControllerTextFieldDelegat.swift in Sources */,
				E94BA62026285845003AC914 /* RegisterViewController+RegisterPresenterDelegate.swift in Sources */,
				E9EE21792682275400D80414 /* CustomAppleSignIn.swift in Sources */,
			);
			runOnlyForDeploymentPostprocessing = 0;
		};
		E92C357D25A5EBAC001F2819 /* Sources */ = {
			isa = PBXSourcesBuildPhase;
			buildActionMask = 2147483647;
			files = (
				E976F3DA26397A60000F9BC6 /* AuthenticationSessionFake.swift in Sources */,
				E92EEEE9264AC485005C247F /* FakeStorage.swift in Sources */,
				E94BA63426317673003AC914 /* UserAuthenticationServiceTest.swift in Sources */,
			);
			runOnlyForDeploymentPostprocessing = 0;
		};
		E92C358825A5EBAC001F2819 /* Sources */ = {
			isa = PBXSourcesBuildPhase;
			buildActionMask = 2147483647;
			files = (
				E92C359125A5EBAC001F2819 /* UnsinkableUITests.swift in Sources */,
			);
			runOnlyForDeploymentPostprocessing = 0;
		};
/* End PBXSourcesBuildPhase section */

/* Begin PBXTargetDependency section */
		E92C358325A5EBAC001F2819 /* PBXTargetDependency */ = {
			isa = PBXTargetDependency;
			target = E92C356A25A5EBA8001F2819 /* Unsinkable */;
			targetProxy = E92C358225A5EBAC001F2819 /* PBXContainerItemProxy */;
		};
		E92C358E25A5EBAC001F2819 /* PBXTargetDependency */ = {
			isa = PBXTargetDependency;
			target = E92C356A25A5EBA8001F2819 /* Unsinkable */;
			targetProxy = E92C358D25A5EBAC001F2819 /* PBXContainerItemProxy */;
		};
/* End PBXTargetDependency section */

/* Begin PBXVariantGroup section */
		E92C357925A5EBAB001F2819 /* LaunchScreen.storyboard */ = {
			isa = PBXVariantGroup;
			children = (
				E92C357A25A5EBAB001F2819 /* Base */,
			);
			name = LaunchScreen.storyboard;
			sourceTree = "<group>";
		};
/* End PBXVariantGroup section */

/* Begin XCBuildConfiguration section */
		E92C359325A5EBAC001F2819 /* Debug */ = {
			isa = XCBuildConfiguration;
			buildSettings = {
				ALWAYS_SEARCH_USER_PATHS = NO;
				CLANG_ANALYZER_NONNULL = YES;
				CLANG_ANALYZER_NUMBER_OBJECT_CONVERSION = YES_AGGRESSIVE;
				CLANG_CXX_LANGUAGE_STANDARD = "gnu++14";
				CLANG_CXX_LIBRARY = "libc++";
				CLANG_ENABLE_MODULES = YES;
				CLANG_ENABLE_OBJC_ARC = YES;
				CLANG_ENABLE_OBJC_WEAK = YES;
				CLANG_WARN_BLOCK_CAPTURE_AUTORELEASING = YES;
				CLANG_WARN_BOOL_CONVERSION = YES;
				CLANG_WARN_COMMA = YES;
				CLANG_WARN_CONSTANT_CONVERSION = YES;
				CLANG_WARN_DEPRECATED_OBJC_IMPLEMENTATIONS = YES;
				CLANG_WARN_DIRECT_OBJC_ISA_USAGE = YES_ERROR;
				CLANG_WARN_DOCUMENTATION_COMMENTS = YES;
				CLANG_WARN_EMPTY_BODY = YES;
				CLANG_WARN_ENUM_CONVERSION = YES;
				CLANG_WARN_INFINITE_RECURSION = YES;
				CLANG_WARN_INT_CONVERSION = YES;
				CLANG_WARN_NON_LITERAL_NULL_CONVERSION = YES;
				CLANG_WARN_OBJC_IMPLICIT_RETAIN_SELF = YES;
				CLANG_WARN_OBJC_LITERAL_CONVERSION = YES;
				CLANG_WARN_OBJC_ROOT_CLASS = YES_ERROR;
				CLANG_WARN_QUOTED_INCLUDE_IN_FRAMEWORK_HEADER = YES;
				CLANG_WARN_RANGE_LOOP_ANALYSIS = YES;
				CLANG_WARN_STRICT_PROTOTYPES = YES;
				CLANG_WARN_SUSPICIOUS_MOVE = YES;
				CLANG_WARN_UNGUARDED_AVAILABILITY = YES_AGGRESSIVE;
				CLANG_WARN_UNREACHABLE_CODE = YES;
				CLANG_WARN__DUPLICATE_METHOD_MATCH = YES;
				COPY_PHASE_STRIP = NO;
				DEBUG_INFORMATION_FORMAT = dwarf;
				ENABLE_STRICT_OBJC_MSGSEND = YES;
				ENABLE_TESTABILITY = YES;
				GCC_C_LANGUAGE_STANDARD = gnu11;
				GCC_DYNAMIC_NO_PIC = NO;
				GCC_NO_COMMON_BLOCKS = YES;
				GCC_OPTIMIZATION_LEVEL = 0;
				GCC_PREPROCESSOR_DEFINITIONS = (
					"DEBUG=1",
					"$(inherited)",
				);
				GCC_WARN_64_TO_32_BIT_CONVERSION = YES;
				GCC_WARN_ABOUT_RETURN_TYPE = YES_ERROR;
				GCC_WARN_UNDECLARED_SELECTOR = YES;
				GCC_WARN_UNINITIALIZED_AUTOS = YES_AGGRESSIVE;
				GCC_WARN_UNUSED_FUNCTION = YES;
				GCC_WARN_UNUSED_VARIABLE = YES;
				IPHONEOS_DEPLOYMENT_TARGET = 14.2;
				MTL_ENABLE_DEBUG_INFO = INCLUDE_SOURCE;
				MTL_FAST_MATH = YES;
				ONLY_ACTIVE_ARCH = YES;
				SDKROOT = iphoneos;
				SWIFT_ACTIVE_COMPILATION_CONDITIONS = DEBUG;
				SWIFT_OPTIMIZATION_LEVEL = "-Onone";
			};
			name = Debug;
		};
		E92C359425A5EBAC001F2819 /* Release */ = {
			isa = XCBuildConfiguration;
			buildSettings = {
				ALWAYS_SEARCH_USER_PATHS = NO;
				CLANG_ANALYZER_NONNULL = YES;
				CLANG_ANALYZER_NUMBER_OBJECT_CONVERSION = YES_AGGRESSIVE;
				CLANG_CXX_LANGUAGE_STANDARD = "gnu++14";
				CLANG_CXX_LIBRARY = "libc++";
				CLANG_ENABLE_MODULES = YES;
				CLANG_ENABLE_OBJC_ARC = YES;
				CLANG_ENABLE_OBJC_WEAK = YES;
				CLANG_WARN_BLOCK_CAPTURE_AUTORELEASING = YES;
				CLANG_WARN_BOOL_CONVERSION = YES;
				CLANG_WARN_COMMA = YES;
				CLANG_WARN_CONSTANT_CONVERSION = YES;
				CLANG_WARN_DEPRECATED_OBJC_IMPLEMENTATIONS = YES;
				CLANG_WARN_DIRECT_OBJC_ISA_USAGE = YES_ERROR;
				CLANG_WARN_DOCUMENTATION_COMMENTS = YES;
				CLANG_WARN_EMPTY_BODY = YES;
				CLANG_WARN_ENUM_CONVERSION = YES;
				CLANG_WARN_INFINITE_RECURSION = YES;
				CLANG_WARN_INT_CONVERSION = YES;
				CLANG_WARN_NON_LITERAL_NULL_CONVERSION = YES;
				CLANG_WARN_OBJC_IMPLICIT_RETAIN_SELF = YES;
				CLANG_WARN_OBJC_LITERAL_CONVERSION = YES;
				CLANG_WARN_OBJC_ROOT_CLASS = YES_ERROR;
				CLANG_WARN_QUOTED_INCLUDE_IN_FRAMEWORK_HEADER = YES;
				CLANG_WARN_RANGE_LOOP_ANALYSIS = YES;
				CLANG_WARN_STRICT_PROTOTYPES = YES;
				CLANG_WARN_SUSPICIOUS_MOVE = YES;
				CLANG_WARN_UNGUARDED_AVAILABILITY = YES_AGGRESSIVE;
				CLANG_WARN_UNREACHABLE_CODE = YES;
				CLANG_WARN__DUPLICATE_METHOD_MATCH = YES;
				COPY_PHASE_STRIP = NO;
				DEBUG_INFORMATION_FORMAT = "dwarf-with-dsym";
				ENABLE_NS_ASSERTIONS = NO;
				ENABLE_STRICT_OBJC_MSGSEND = YES;
				GCC_C_LANGUAGE_STANDARD = gnu11;
				GCC_NO_COMMON_BLOCKS = YES;
				GCC_WARN_64_TO_32_BIT_CONVERSION = YES;
				GCC_WARN_ABOUT_RETURN_TYPE = YES_ERROR;
				GCC_WARN_UNDECLARED_SELECTOR = YES;
				GCC_WARN_UNINITIALIZED_AUTOS = YES_AGGRESSIVE;
				GCC_WARN_UNUSED_FUNCTION = YES;
				GCC_WARN_UNUSED_VARIABLE = YES;
				IPHONEOS_DEPLOYMENT_TARGET = 14.2;
				MTL_ENABLE_DEBUG_INFO = NO;
				MTL_FAST_MATH = YES;
				SDKROOT = iphoneos;
				SWIFT_COMPILATION_MODE = wholemodule;
				SWIFT_OPTIMIZATION_LEVEL = "-O";
				VALIDATE_PRODUCT = YES;
			};
			name = Release;
		};
		E92C359625A5EBAC001F2819 /* Debug */ = {
			isa = XCBuildConfiguration;
			baseConfigurationReference = ECF4E3EB86E9E66E2F41899B /* Pods-Unsinkable.debug.xcconfig */;
			buildSettings = {
				ASSETCATALOG_COMPILER_APPICON_NAME = AppIcon;
				ASSETCATALOG_COMPILER_GLOBAL_ACCENT_COLOR_NAME = AccentColor;
				CLANG_WARN_QUOTED_INCLUDE_IN_FRAMEWORK_HEADER = NO;
				CODE_SIGN_IDENTITY = "Apple Development";
				CODE_SIGN_STYLE = Automatic;
				DEVELOPMENT_TEAM = 87G25HJ2R8;
				INFOPLIST_FILE = "$(SRCROOT)/Unsinkable/SupportingFiles/Info.plist";
				IPHONEOS_DEPLOYMENT_TARGET = 13.2;
				LD_RUNPATH_SEARCH_PATHS = (
					"$(inherited)",
					"@executable_path/Frameworks",
				);
				PRODUCT_BUNDLE_IDENTIFIER = com.thomasgiron.Unsinkable;
				PRODUCT_NAME = "$(TARGET_NAME)";
				PROVISIONING_PROFILE_SPECIFIER = "";
				SWIFT_VERSION = 5.0;
				TARGETED_DEVICE_FAMILY = 1;
			};
			name = Debug;
		};
		E92C359725A5EBAC001F2819 /* Release */ = {
			isa = XCBuildConfiguration;
			baseConfigurationReference = 942B20643B3D015374268575 /* Pods-Unsinkable.release.xcconfig */;
			buildSettings = {
				ASSETCATALOG_COMPILER_APPICON_NAME = AppIcon;
				ASSETCATALOG_COMPILER_GLOBAL_ACCENT_COLOR_NAME = AccentColor;
				CLANG_WARN_QUOTED_INCLUDE_IN_FRAMEWORK_HEADER = NO;
				CODE_SIGN_IDENTITY = "Apple Development";
				CODE_SIGN_STYLE = Automatic;
				DEVELOPMENT_TEAM = 87G25HJ2R8;
				INFOPLIST_FILE = "$(SRCROOT)/Unsinkable/SupportingFiles/Info.plist";
				IPHONEOS_DEPLOYMENT_TARGET = 13.2;
				LD_RUNPATH_SEARCH_PATHS = (
					"$(inherited)",
					"@executable_path/Frameworks",
				);
				PRODUCT_BUNDLE_IDENTIFIER = com.thomasgiron.Unsinkable;
				PRODUCT_NAME = "$(TARGET_NAME)";
				PROVISIONING_PROFILE_SPECIFIER = "";
				SWIFT_VERSION = 5.0;
				TARGETED_DEVICE_FAMILY = 1;
			};
			name = Release;
		};
		E92C359925A5EBAC001F2819 /* Debug */ = {
			isa = XCBuildConfiguration;
			baseConfigurationReference = 66FA4CBE5D2F66C9D245FA61 /* Pods-UnsinkableTests.debug.xcconfig */;
			buildSettings = {
				ALWAYS_EMBED_SWIFT_STANDARD_LIBRARIES = YES;
				BUNDLE_LOADER = "$(TEST_HOST)";
				CODE_SIGN_STYLE = Automatic;
				DEVELOPMENT_TEAM = 87G25HJ2R8;
				INFOPLIST_FILE = UnsinkableTests/Info.plist;
				IPHONEOS_DEPLOYMENT_TARGET = 14.2;
				LD_RUNPATH_SEARCH_PATHS = (
					"$(inherited)",
					"@executable_path/Frameworks",
					"@loader_path/Frameworks",
				);
				PRODUCT_BUNDLE_IDENTIFIER = com.thomasgiron.UnsinkableTests;
				PRODUCT_NAME = "$(TARGET_NAME)";
				SWIFT_VERSION = 5.0;
				TARGETED_DEVICE_FAMILY = "1,2";
				TEST_HOST = "$(BUILT_PRODUCTS_DIR)/Unsinkable.app/Unsinkable";
			};
			name = Debug;
		};
		E92C359A25A5EBAC001F2819 /* Release */ = {
			isa = XCBuildConfiguration;
			baseConfigurationReference = 6C6B3891B8BEC47F8EA9FD1B /* Pods-UnsinkableTests.release.xcconfig */;
			buildSettings = {
				ALWAYS_EMBED_SWIFT_STANDARD_LIBRARIES = YES;
				BUNDLE_LOADER = "$(TEST_HOST)";
				CODE_SIGN_STYLE = Automatic;
				DEVELOPMENT_TEAM = 87G25HJ2R8;
				INFOPLIST_FILE = UnsinkableTests/Info.plist;
				IPHONEOS_DEPLOYMENT_TARGET = 14.2;
				LD_RUNPATH_SEARCH_PATHS = (
					"$(inherited)",
					"@executable_path/Frameworks",
					"@loader_path/Frameworks",
				);
				PRODUCT_BUNDLE_IDENTIFIER = com.thomasgiron.UnsinkableTests;
				PRODUCT_NAME = "$(TARGET_NAME)";
				SWIFT_VERSION = 5.0;
				TARGETED_DEVICE_FAMILY = "1,2";
				TEST_HOST = "$(BUILT_PRODUCTS_DIR)/Unsinkable.app/Unsinkable";
			};
			name = Release;
		};
		E92C359C25A5EBAC001F2819 /* Debug */ = {
			isa = XCBuildConfiguration;
			baseConfigurationReference = 94F04F721327FD9AA40E8C00 /* Pods-Unsinkable-UnsinkableUITests.debug.xcconfig */;
			buildSettings = {
				ALWAYS_EMBED_SWIFT_STANDARD_LIBRARIES = YES;
				CODE_SIGN_STYLE = Automatic;
				DEVELOPMENT_TEAM = 87G25HJ2R8;
				INFOPLIST_FILE = UnsinkableUITests/Info.plist;
				LD_RUNPATH_SEARCH_PATHS = (
					"$(inherited)",
					"@executable_path/Frameworks",
					"@loader_path/Frameworks",
				);
				PRODUCT_BUNDLE_IDENTIFIER = com.thomasgiron.UnsinkableUITests;
				PRODUCT_NAME = "$(TARGET_NAME)";
				SWIFT_VERSION = 5.0;
				TARGETED_DEVICE_FAMILY = "1,2";
				TEST_TARGET_NAME = Unsinkable;
			};
			name = Debug;
		};
		E92C359D25A5EBAC001F2819 /* Release */ = {
			isa = XCBuildConfiguration;
			baseConfigurationReference = 523A48797D4B2B16A268A378 /* Pods-Unsinkable-UnsinkableUITests.release.xcconfig */;
			buildSettings = {
				ALWAYS_EMBED_SWIFT_STANDARD_LIBRARIES = YES;
				CODE_SIGN_STYLE = Automatic;
				DEVELOPMENT_TEAM = 87G25HJ2R8;
				INFOPLIST_FILE = UnsinkableUITests/Info.plist;
				LD_RUNPATH_SEARCH_PATHS = (
					"$(inherited)",
					"@executable_path/Frameworks",
					"@loader_path/Frameworks",
				);
				PRODUCT_BUNDLE_IDENTIFIER = com.thomasgiron.UnsinkableUITests;
				PRODUCT_NAME = "$(TARGET_NAME)";
				SWIFT_VERSION = 5.0;
				TARGETED_DEVICE_FAMILY = "1,2";
				TEST_TARGET_NAME = Unsinkable;
			};
			name = Release;
		};
/* End XCBuildConfiguration section */

/* Begin XCConfigurationList section */
		E92C356625A5EBA8001F2819 /* Build configuration list for PBXProject "Unsinkable" */ = {
			isa = XCConfigurationList;
			buildConfigurations = (
				E92C359325A5EBAC001F2819 /* Debug */,
				E92C359425A5EBAC001F2819 /* Release */,
			);
			defaultConfigurationIsVisible = 0;
			defaultConfigurationName = Release;
		};
		E92C359525A5EBAC001F2819 /* Build configuration list for PBXNativeTarget "Unsinkable" */ = {
			isa = XCConfigurationList;
			buildConfigurations = (
				E92C359625A5EBAC001F2819 /* Debug */,
				E92C359725A5EBAC001F2819 /* Release */,
			);
			defaultConfigurationIsVisible = 0;
			defaultConfigurationName = Release;
		};
		E92C359825A5EBAC001F2819 /* Build configuration list for PBXNativeTarget "UnsinkableTests" */ = {
			isa = XCConfigurationList;
			buildConfigurations = (
				E92C359925A5EBAC001F2819 /* Debug */,
				E92C359A25A5EBAC001F2819 /* Release */,
			);
			defaultConfigurationIsVisible = 0;
			defaultConfigurationName = Release;
		};
		E92C359B25A5EBAC001F2819 /* Build configuration list for PBXNativeTarget "UnsinkableUITests" */ = {
			isa = XCConfigurationList;
			buildConfigurations = (
				E92C359C25A5EBAC001F2819 /* Debug */,
				E92C359D25A5EBAC001F2819 /* Release */,
			);
			defaultConfigurationIsVisible = 0;
			defaultConfigurationName = Release;
		};
/* End XCConfigurationList section */
	};
	rootObject = E92C356325A5EBA8001F2819 /* Project object */;
}
